// !$*UTF8*$!
{
	archiveVersion = 1;
	classes = {
	};
	objectVersion = 48;
	objects = {

/* Begin PBXBuildFile section */
		54FB4CBD1FA8296F002141C7 /* AppDelegate.swift in Sources */ = {isa = PBXBuildFile; fileRef = 54FB4CBC1FA8296F002141C7 /* AppDelegate.swift */; };
		54FB4CBF1FA8296F002141C7 /* ViewController.swift in Sources */ = {isa = PBXBuildFile; fileRef = 54FB4CBE1FA8296F002141C7 /* ViewController.swift */; };
		54FB4CC21FA8296F002141C7 /* Main.storyboard in Resources */ = {isa = PBXBuildFile; fileRef = 54FB4CC01FA8296F002141C7 /* Main.storyboard */; };
		54FB4CC41FA8296F002141C7 /* Assets.xcassets in Resources */ = {isa = PBXBuildFile; fileRef = 54FB4CC31FA8296F002141C7 /* Assets.xcassets */; };
		54FB4CC71FA8296F002141C7 /* LaunchScreen.storyboard in Resources */ = {isa = PBXBuildFile; fileRef = 54FB4CC51FA8296F002141C7 /* LaunchScreen.storyboard */; };
		54FB4CCF1FA82985002141C7 /* HalloweenImage.swift in Sources */ = {isa = PBXBuildFile; fileRef = 54FB4CCE1FA82985002141C7 /* HalloweenImage.swift */; };
		54FB4CD11FA82C44002141C7 /* ImageData.swift in Sources */ = {isa = PBXBuildFile; fileRef = 54FB4CD01FA82C44002141C7 /* ImageData.swift */; };
		81A6BFF91FA911F900C507AA /* HalloweenTableModel.swift in Sources */ = {isa = PBXBuildFile; fileRef = 81A6BFF81FA911F900C507AA /* HalloweenTableModel.swift */; };
		81A6BFFB1FA9168E00C507AA /* HalloweenData.swift in Sources */ = {isa = PBXBuildFile; fileRef = 81A6BFFA1FA9168E00C507AA /* HalloweenData.swift */; };
		81A6BFFD1FA918B500C507AA /* HalloweenTableViewCell.swift in Sources */ = {isa = PBXBuildFile; fileRef = 81A6BFFC1FA918B500C507AA /* HalloweenTableViewCell.swift */; };
		81A6BFFF1FA91FD900C507AA /* HalloweenImageTableViewCell.swift in Sources */ = {isa = PBXBuildFile; fileRef = 81A6BFFE1FA91FD900C507AA /* HalloweenImageTableViewCell.swift */; };
/* End PBXBuildFile section */

/* Begin PBXFileReference section */
		54FB4CB91FA8296F002141C7 /* AC-iOS-HalloweenTableViewCells.app */ = {isa = PBXFileReference; explicitFileType = wrapper.application; includeInIndex = 0; path = "AC-iOS-HalloweenTableViewCells.app"; sourceTree = BUILT_PRODUCTS_DIR; };
		54FB4CBC1FA8296F002141C7 /* AppDelegate.swift */ = {isa = PBXFileReference; lastKnownFileType = sourcecode.swift; path = AppDelegate.swift; sourceTree = "<group>"; };
		54FB4CBE1FA8296F002141C7 /* ViewController.swift */ = {isa = PBXFileReference; lastKnownFileType = sourcecode.swift; path = ViewController.swift; sourceTree = "<group>"; };
		54FB4CC11FA8296F002141C7 /* Base */ = {isa = PBXFileReference; lastKnownFileType = file.storyboard; name = Base; path = Base.lproj/Main.storyboard; sourceTree = "<group>"; };
		54FB4CC31FA8296F002141C7 /* Assets.xcassets */ = {isa = PBXFileReference; lastKnownFileType = folder.assetcatalog; path = Assets.xcassets; sourceTree = "<group>"; };
		54FB4CC61FA8296F002141C7 /* Base */ = {isa = PBXFileReference; lastKnownFileType = file.storyboard; name = Base; path = Base.lproj/LaunchScreen.storyboard; sourceTree = "<group>"; };
		54FB4CC81FA8296F002141C7 /* Info.plist */ = {isa = PBXFileReference; lastKnownFileType = text.plist.xml; path = Info.plist; sourceTree = "<group>"; };
		54FB4CCE1FA82985002141C7 /* HalloweenImage.swift */ = {isa = PBXFileReference; lastKnownFileType = sourcecode.swift; path = HalloweenImage.swift; sourceTree = "<group>"; };
		54FB4CD01FA82C44002141C7 /* ImageData.swift */ = {isa = PBXFileReference; lastKnownFileType = sourcecode.swift; path = ImageData.swift; sourceTree = "<group>"; };
		81A6BFF81FA911F900C507AA /* HalloweenTableModel.swift */ = {isa = PBXFileReference; lastKnownFileType = sourcecode.swift; path = HalloweenTableModel.swift; sourceTree = "<group>"; };
		81A6BFFA1FA9168E00C507AA /* HalloweenData.swift */ = {isa = PBXFileReference; lastKnownFileType = sourcecode.swift; path = HalloweenData.swift; sourceTree = "<group>"; };
		81A6BFFC1FA918B500C507AA /* HalloweenTableViewCell.swift */ = {isa = PBXFileReference; lastKnownFileType = sourcecode.swift; path = HalloweenTableViewCell.swift; sourceTree = "<group>"; };
		81A6BFFE1FA91FD900C507AA /* HalloweenImageTableViewCell.swift */ = {isa = PBXFileReference; lastKnownFileType = sourcecode.swift; path = HalloweenImageTableViewCell.swift; sourceTree = "<group>"; };
/* End PBXFileReference section */

/* Begin PBXFrameworksBuildPhase section */
		54FB4CB61FA8296F002141C7 /* Frameworks */ = {
			isa = PBXFrameworksBuildPhase;
			buildActionMask = 2147483647;
			files = (
			);
			runOnlyForDeploymentPostprocessing = 0;
		};
/* End PBXFrameworksBuildPhase section */

/* Begin PBXGroup section */
		54FB4CB01FA8296F002141C7 = {
			isa = PBXGroup;
			children = (
				54FB4CBB1FA8296F002141C7 /* AC-iOS-HalloweenTableViewCells */,
				54FB4CBA1FA8296F002141C7 /* Products */,
			);
			sourceTree = "<group>";
		};
		54FB4CBA1FA8296F002141C7 /* Products */ = {
			isa = PBXGroup;
			children = (
				54FB4CB91FA8296F002141C7 /* AC-iOS-HalloweenTableViewCells.app */,
			);
			name = Products;
			sourceTree = "<group>";
		};
		54FB4CBB1FA8296F002141C7 /* AC-iOS-HalloweenTableViewCells */ = {
			isa = PBXGroup;
			children = (
				54FB4CD21FA8325E002141C7 /* Models */,
				54FB4CD31FA83288002141C7 /* Supporting Files */,
				54FB4CBE1FA8296F002141C7 /* ViewController.swift */,
				81A6BFFE1FA91FD900C507AA /* HalloweenImageTableViewCell.swift */,
				81A6BFF81FA911F900C507AA /* HalloweenTableModel.swift */,
				81A6BFFA1FA9168E00C507AA /* HalloweenData.swift */,
				81A6BFFC1FA918B500C507AA /* HalloweenTableViewCell.swift */,
				81A6C0001FA9239300C507AA /* ExercisePart1 */,
				54FB4CC01FA8296F002141C7 /* Main.storyboard */,
				54FB4CC31FA8296F002141C7 /* Assets.xcassets */,
				54FB4CC81FA8296F002141C7 /* Info.plist */,
			);
			path = "AC-iOS-HalloweenTableViewCells";
			sourceTree = "<group>";
		};
		54FB4CD21FA8325E002141C7 /* Models */ = {
			isa = PBXGroup;
			children = (
				54FB4CCE1FA82985002141C7 /* HalloweenImage.swift */,
				54FB4CD01FA82C44002141C7 /* ImageData.swift */,
			);
			path = Models;
			sourceTree = "<group>";
		};
		54FB4CD31FA83288002141C7 /* Supporting Files */ = {
			isa = PBXGroup;
			children = (
				54FB4CBC1FA8296F002141C7 /* AppDelegate.swift */,
				54FB4CC51FA8296F002141C7 /* LaunchScreen.storyboard */,
			);
			path = "Supporting Files";
			sourceTree = "<group>";
		};
		81A6C0001FA9239300C507AA /* ExercisePart1 */ = {
			isa = PBXGroup;
			children = (
			);
			path = ExercisePart1;
			sourceTree = "<group>";
		};
/* End PBXGroup section */

/* Begin PBXNativeTarget section */
		54FB4CB81FA8296F002141C7 /* AC-iOS-HalloweenTableViewCells */ = {
			isa = PBXNativeTarget;
			buildConfigurationList = 54FB4CCB1FA8296F002141C7 /* Build configuration list for PBXNativeTarget "AC-iOS-HalloweenTableViewCells" */;
			buildPhases = (
				54FB4CB51FA8296F002141C7 /* Sources */,
				54FB4CB61FA8296F002141C7 /* Frameworks */,
				54FB4CB71FA8296F002141C7 /* Resources */,
			);
			buildRules = (
			);
			dependencies = (
			);
			name = "AC-iOS-HalloweenTableViewCells";
			productName = "AC-iOS-HalloweenTableViewCells";
			productReference = 54FB4CB91FA8296F002141C7 /* AC-iOS-HalloweenTableViewCells.app */;
			productType = "com.apple.product-type.application";
		};
/* End PBXNativeTarget section */

/* Begin PBXProject section */
		54FB4CB11FA8296F002141C7 /* Project object */ = {
			isa = PBXProject;
			attributes = {
				LastSwiftUpdateCheck = 0900;
				LastUpgradeCheck = 0900;
				ORGANIZATIONNAME = "C4Q ";
				TargetAttributes = {
					54FB4CB81FA8296F002141C7 = {
						CreatedOnToolsVersion = 9.0;
						ProvisioningStyle = Automatic;
					};
				};
			};
			buildConfigurationList = 54FB4CB41FA8296F002141C7 /* Build configuration list for PBXProject "AC-iOS-HalloweenTableViewCells" */;
			compatibilityVersion = "Xcode 8.0";
			developmentRegion = en;
			hasScannedForEncodings = 0;
			knownRegions = (
				en,
				Base,
			);
			mainGroup = 54FB4CB01FA8296F002141C7;
			productRefGroup = 54FB4CBA1FA8296F002141C7 /* Products */;
			projectDirPath = "";
			projectRoot = "";
			targets = (
				54FB4CB81FA8296F002141C7 /* AC-iOS-HalloweenTableViewCells */,
			);
		};
/* End PBXProject section */

/* Begin PBXResourcesBuildPhase section */
		54FB4CB71FA8296F002141C7 /* Resources */ = {
			isa = PBXResourcesBuildPhase;
			buildActionMask = 2147483647;
			files = (
				54FB4CC71FA8296F002141C7 /* LaunchScreen.storyboard in Resources */,
				54FB4CC41FA8296F002141C7 /* Assets.xcassets in Resources */,
				54FB4CC21FA8296F002141C7 /* Main.storyboard in Resources */,
			);
			runOnlyForDeploymentPostprocessing = 0;
		};
/* End PBXResourcesBuildPhase section */

/* Begin PBXSourcesBuildPhase section */
		54FB4CB51FA8296F002141C7 /* Sources */ = {
			isa = PBXSourcesBuildPhase;
			buildActionMask = 2147483647;
			files = (
				54FB4CBF1FA8296F002141C7 /* ViewController.swift in Sources */,
				54FB4CCF1FA82985002141C7 /* HalloweenImage.swift in Sources */,
				81A6BFFD1FA918B500C507AA /* HalloweenTableViewCell.swift in Sources */,
				81A6BFFF1FA91FD900C507AA /* HalloweenImageTableViewCell.swift in Sources */,
				54FB4CBD1FA8296F002141C7 /* AppDelegate.swift in Sources */,
				81A6BFF91FA911F900C507AA /* HalloweenTableModel.swift in Sources */,
				54FB4CD11FA82C44002141C7 /* ImageData.swift in Sources */,
				81A6BFFB1FA9168E00C507AA /* HalloweenData.swift in Sources */,
			);
			runOnlyForDeploymentPostprocessing = 0;
		};
/* End PBXSourcesBuildPhase section */

/* Begin PBXVariantGroup section */
		54FB4CC01FA8296F002141C7 /* Main.storyboard */ = {
			isa = PBXVariantGroup;
			children = (
				54FB4CC11FA8296F002141C7 /* Base */,
			);
			name = Main.storyboard;
			sourceTree = "<group>";
		};
		54FB4CC51FA8296F002141C7 /* LaunchScreen.storyboard */ = {
			isa = PBXVariantGroup;
			children = (
				54FB4CC61FA8296F002141C7 /* Base */,
			);
			name = LaunchScreen.storyboard;
			sourceTree = "<group>";
		};
/* End PBXVariantGroup section */

/* Begin XCBuildConfiguration section */
		54FB4CC91FA8296F002141C7 /* Debug */ = {
			isa = XCBuildConfiguration;
			buildSettings = {
				ALWAYS_SEARCH_USER_PATHS = NO;
				CLANG_ANALYZER_NONNULL = YES;
				CLANG_ANALYZER_NUMBER_OBJECT_CONVERSION = YES_AGGRESSIVE;
				CLANG_CXX_LANGUAGE_STANDARD = "gnu++14";
				CLANG_CXX_LIBRARY = "libc++";
				CLANG_ENABLE_MODULES = YES;
				CLANG_ENABLE_OBJC_ARC = YES;
				CLANG_WARN_BLOCK_CAPTURE_AUTORELEASING = YES;
				CLANG_WARN_BOOL_CONVERSION = YES;
				CLANG_WARN_COMMA = YES;
				CLANG_WARN_CONSTANT_CONVERSION = YES;
				CLANG_WARN_DIRECT_OBJC_ISA_USAGE = YES_ERROR;
				CLANG_WARN_DOCUMENTATION_COMMENTS = YES;
				CLANG_WARN_EMPTY_BODY = YES;
				CLANG_WARN_ENUM_CONVERSION = YES;
				CLANG_WARN_INFINITE_RECURSION = YES;
				CLANG_WARN_INT_CONVERSION = YES;
				CLANG_WARN_NON_LITERAL_NULL_CONVERSION = YES;
				CLANG_WARN_OBJC_LITERAL_CONVERSION = YES;
				CLANG_WARN_OBJC_ROOT_CLASS = YES_ERROR;
				CLANG_WARN_RANGE_LOOP_ANALYSIS = YES;
				CLANG_WARN_STRICT_PROTOTYPES = YES;
				CLANG_WARN_SUSPICIOUS_MOVE = YES;
				CLANG_WARN_UNGUARDED_AVAILABILITY = YES_AGGRESSIVE;
				CLANG_WARN_UNREACHABLE_CODE = YES;
				CLANG_WARN__DUPLICATE_METHOD_MATCH = YES;
				CODE_SIGN_IDENTITY = "iPhone Developer";
				COPY_PHASE_STRIP = NO;
				DEBUG_INFORMATION_FORMAT = dwarf;
				ENABLE_STRICT_OBJC_MSGSEND = YES;
				ENABLE_TESTABILITY = YES;
				GCC_C_LANGUAGE_STANDARD = gnu11;
				GCC_DYNAMIC_NO_PIC = NO;
				GCC_NO_COMMON_BLOCKS = YES;
				GCC_OPTIMIZATION_LEVEL = 0;
				GCC_PREPROCESSOR_DEFINITIONS = (
					"DEBUG=1",
					"$(inherited)",
				);
				GCC_WARN_64_TO_32_BIT_CONVERSION = YES;
				GCC_WARN_ABOUT_RETURN_TYPE = YES_ERROR;
				GCC_WARN_UNDECLARED_SELECTOR = YES;
				GCC_WARN_UNINITIALIZED_AUTOS = YES_AGGRESSIVE;
				GCC_WARN_UNUSED_FUNCTION = YES;
				GCC_WARN_UNUSED_VARIABLE = YES;
				IPHONEOS_DEPLOYMENT_TARGET = 11.0;
				MTL_ENABLE_DEBUG_INFO = YES;
				ONLY_ACTIVE_ARCH = YES;
				SDKROOT = iphoneos;
				SWIFT_ACTIVE_COMPILATION_CONDITIONS = DEBUG;
				SWIFT_OPTIMIZATION_LEVEL = "-Onone";
			};
			name = Debug;
		};
		54FB4CCA1FA8296F002141C7 /* Release */ = {
			isa = XCBuildConfiguration;
			buildSettings = {
				ALWAYS_SEARCH_USER_PATHS = NO;
				CLANG_ANALYZER_NONNULL = YES;
				CLANG_ANALYZER_NUMBER_OBJECT_CONVERSION = YES_AGGRESSIVE;
				CLANG_CXX_LANGUAGE_STANDARD = "gnu++14";
				CLANG_CXX_LIBRARY = "libc++";
				CLANG_ENABLE_MODULES = YES;
				CLANG_ENABLE_OBJC_ARC = YES;
				CLANG_WARN_BLOCK_CAPTURE_AUTORELEASING = YES;
				CLANG_WARN_BOOL_CONVERSION = YES;
				CLANG_WARN_COMMA = YES;
				CLANG_WARN_CONSTANT_CONVERSION = YES;
				CLANG_WARN_DIRECT_OBJC_ISA_USAGE = YES_ERROR;
				CLANG_WARN_DOCUMENTATION_COMMENTS = YES;
				CLANG_WARN_EMPTY_BODY = YES;
				CLANG_WARN_ENUM_CONVERSION = YES;
				CLANG_WARN_INFINITE_RECURSION = YES;
				CLANG_WARN_INT_CONVERSION = YES;
				CLANG_WARN_NON_LITERAL_NULL_CONVERSION = YES;
				CLANG_WARN_OBJC_LITERAL_CONVERSION = YES;
				CLANG_WARN_OBJC_ROOT_CLASS = YES_ERROR;
				CLANG_WARN_RANGE_LOOP_ANALYSIS = YES;
				CLANG_WARN_STRICT_PROTOTYPES = YES;
				CLANG_WARN_SUSPICIOUS_MOVE = YES;
				CLANG_WARN_UNGUARDED_AVAILABILITY = YES_AGGRESSIVE;
				CLANG_WARN_UNREACHABLE_CODE = YES;
				CLANG_WARN__DUPLICATE_METHOD_MATCH = YES;
				CODE_SIGN_IDENTITY = "iPhone Developer";
				COPY_PHASE_STRIP = NO;
				DEBUG_INFORMATION_FORMAT = "dwarf-with-dsym";
				ENABLE_NS_ASSERTIONS = NO;
				ENABLE_STRICT_OBJC_MSGSEND = YES;
				GCC_C_LANGUAGE_STANDARD = gnu11;
				GCC_NO_COMMON_BLOCKS = YES;
				GCC_WARN_64_TO_32_BIT_CONVERSION = YES;
				GCC_WARN_ABOUT_RETURN_TYPE = YES_ERROR;
				GCC_WARN_UNDECLARED_SELECTOR = YES;
				GCC_WARN_UNINITIALIZED_AUTOS = YES_AGGRESSIVE;
				GCC_WARN_UNUSED_FUNCTION = YES;
				GCC_WARN_UNUSED_VARIABLE = YES;
				IPHONEOS_DEPLOYMENT_TARGET = 11.0;
				MTL_ENABLE_DEBUG_INFO = NO;
				SDKROOT = iphoneos;
				SWIFT_OPTIMIZATION_LEVEL = "-Owholemodule";
				VALIDATE_PRODUCT = YES;
			};
			name = Release;
		};
		54FB4CCC1FA8296F002141C7 /* Debug */ = {
			isa = XCBuildConfiguration;
			buildSettings = {
				ASSETCATALOG_COMPILER_APPICON_NAME = AppIcon;
				CODE_SIGN_STYLE = Automatic;
				INFOPLIST_FILE = "AC-iOS-HalloweenTableViewCells/Info.plist";
				LD_RUNPATH_SEARCH_PATHS = "$(inherited) @executable_path/Frameworks";
				PRODUCT_BUNDLE_IDENTIFIER = "c4q.AC-iOS-HalloweenTableViewCells";
				PRODUCT_NAME = "$(TARGET_NAME)";
				SWIFT_VERSION = 4.0;
				TARGETED_DEVICE_FAMILY = "1,2";
			};
			name = Debug;
		};
		54FB4CCD1FA8296F002141C7 /* Release */ = {
			isa = XCBuildConfiguration;
			buildSettings = {
				ASSETCATALOG_COMPILER_APPICON_NAME = AppIcon;
				CODE_SIGN_STYLE = Automatic;
				INFOPLIST_FILE = "AC-iOS-HalloweenTableViewCells/Info.plist";
				LD_RUNPATH_SEARCH_PATHS = "$(inherited) @executable_path/Frameworks";
				PRODUCT_BUNDLE_IDENTIFIER = "c4q.AC-iOS-HalloweenTableViewCells";
				PRODUCT_NAME = "$(TARGET_NAME)";
				SWIFT_VERSION = 4.0;
				TARGETED_DEVICE_FAMILY = "1,2";
			};
			name = Release;
		};
/* End XCBuildConfiguration section */

/* Begin XCConfigurationList section */
		54FB4CB41FA8296F002141C7 /* Build configuration list for PBXProject "AC-iOS-HalloweenTableViewCells" */ = {
			isa = XCConfigurationList;
			buildConfigurations = (
				54FB4CC91FA8296F002141C7 /* Debug */,
				54FB4CCA1FA8296F002141C7 /* Release */,
			);
			defaultConfigurationIsVisible = 0;
			defaultConfigurationName = Release;
		};
		54FB4CCB1FA8296F002141C7 /* Build configuration list for PBXNativeTarget "AC-iOS-HalloweenTableViewCells" */ = {
			isa = XCConfigurationList;
			buildConfigurations = (
				54FB4CCC1FA8296F002141C7 /* Debug */,
				54FB4CCD1FA8296F002141C7 /* Release */,
			);
			defaultConfigurationIsVisible = 0;
			defaultConfigurationName = Release;
		};
/* End XCConfigurationList section */
	};
	rootObject = 54FB4CB11FA8296F002141C7 /* Project object */;
}
